
Microsoft Visual Studio Solution File, Format Version 12.00
# Visual Studio Version 17
VisualStudioVersion = 17.4.33110.190
MinimumVisualStudioVersion = 10.0.40219.1
Project("{FAE04EC0-301F-11D3-BF4B-00C04F79EFBC}") = "Day4", "Day4\Day4.csproj", "{1BB8B978-44DF-4687-9F70-558874A395D4}"
EndProject
Global
	GlobalSection(SolutionConfigurationPlatforms) = preSolution
		Debug|Any CPU = Debug|Any CPU
		Release|Any CPU = Release|Any CPU
	EndGlobalSection
	GlobalSection(ProjectConfigurationPlatforms) = postSolution
		{1BB8B978-44DF-4687-9F70-558874A395D4}.Debug|Any CPU.ActiveCfg = Debug|Any CPU
		{1BB8B978-44DF-4687-9F70-558874A395D4}.Debug|Any CPU.Build.0 = Debug|Any CPU
		{1BB8B978-44DF-4687-9F70-558874A395D4}.Release|Any CPU.ActiveCfg = Release|Any CPU
		{1BB8B978-44DF-4687-9F70-558874A395D4}.Release|Any CPU.Build.0 = Release|Any CPU
	EndGlobalSection
	GlobalSection(SolutionProperties) = preSolution
		HideSolutionNode = FALSE
	EndGlobalSection
	GlobalSection(ExtensibilityGlobals) = postSolution
		SolutionGuid = {5B8B234C-D4C8-4173-97F0-F13A8CA7DD30}
	EndGlobalSection
EndGlobal
